
Microsoft Visual Studio Solution File, Format Version 12.00
# Visual Studio 15
VisualStudioVersion = 15.0.27130.2026
MinimumVisualStudioVersion = 10.0.40219.1
Project("{8BC9CEB8-8B4A-11D0-8D11-00A0C91BC942}") = "demo", "demo.vcxproj", "{23491250-AA07-4046-97C5-9B607FCD6E42}"
EndProject
Global
	GlobalSection(SolutionConfigurationPlatforms) = preSolution
		Debug|x64 = Debug|x64
		Debug|x86 = Debug|x86
		Release|x64 = Release|x64
		Release|x86 = Release|x86
	EndGlobalSection
	GlobalSection(ProjectConfigurationPlatforms) = postSolution
		{23491250-AA07-4046-97C5-9B607FCD6E42}.Debug|x64.ActiveCfg = Debug|x64
		{23491250-AA07-4046-97C5-9B607FCD6E42}.Debug|x64.Build.0 = Debug|x64
		{23491250-AA07-4046-97C5-9B607FCD6E42}.Debug|x86.ActiveCfg = Debug|Win32
		{23491250-AA07-4046-97C5-9B607FCD6E42}.Debug|x86.Build.0 = Debug|Win32
		{23491250-AA07-4046-97C5-9B607FCD6E42}.Release|x64.ActiveCfg = Release|x64
		{23491250-AA07-4046-97C5-9B607FCD6E42}.Release|x64.Build.0 = Release|x64
		{23491250-AA07-4046-97C5-9B607FCD6E42}.Release|x86.ActiveCfg = Release|Win32
		{23491250-AA07-4046-97C5-9B607FCD6E42}.Release|x86.Build.0 = Release|Win32
	EndGlobalSection
	GlobalSection(SolutionProperties) = preSolution
		HideSolutionNode = FALSE
	EndGlobalSection
	GlobalSection(ExtensibilityGlobals) = postSolution
		SolutionGuid = {1DE3D280-61E5-4831-BA5E-6B1DC7256076}
	EndGlobalSection
EndGlobal
